
Microsoft Visual Studio Solution File, Format Version 12.00
# Visual Studio Version 17
VisualStudioVersion = 17.7.34221.43
MinimumVisualStudioVersion = 10.0.40219.1
Project("{FAE04EC0-301F-11D3-BF4B-00C04F79EFBC}") = "StormShift", "StormShift.csproj", "{EAF8E246-15BF-46A6-9508-5A570D99E01E}"
EndProject
Global
	GlobalSection(SolutionConfigurationPlatforms) = preSolution
		Debug|Any CPU = Debug|Any CPU
		Release|Any CPU = Release|Any CPU
	EndGlobalSection
	GlobalSection(ProjectConfigurationPlatforms) = postSolution
		{EAF8E246-15BF-46A6-9508-5A570D99E01E}.Debug|Any CPU.ActiveCfg = Debug|Any CPU
		{EAF8E246-15BF-46A6-9508-5A570D99E01E}.Debug|Any CPU.Build.0 = Debug|Any CPU
		{EAF8E246-15BF-46A6-9508-5A570D99E01E}.Release|Any CPU.ActiveCfg = Release|Any CPU
		{EAF8E246-15BF-46A6-9508-5A570D99E01E}.Release|Any CPU.Build.0 = Release|Any CPU
	EndGlobalSection
	GlobalSection(SolutionProperties) = preSolution
		HideSolutionNode = FALSE
	EndGlobalSection
	GlobalSection(ExtensibilityGlobals) = postSolution
		SolutionGuid = {A8EC1732-7BAD-40DB-BBAB-B75038028EDA}
	EndGlobalSection
EndGlobal
